// !$*UTF8*$!
{
	archiveVersion = 1;
	classes = {
	};
	objectVersion = 46;
	objects = {

/* Begin PBXBuildFile section */
		1B8E9A671C2BE2420001076E /* AppDelegate.m in Sources */ = {isa = PBXBuildFile; fileRef = 1B8E9A661C2BE2420001076E /* AppDelegate.m */; };
		1B8E9A6A1C2BE2420001076E /* main.m in Sources */ = {isa = PBXBuildFile; fileRef = 1B8E9A691C2BE2420001076E /* main.m */; };
		1B8E9A6D1C2BE2420001076E /* SmallFiasLinker.xcdatamodeld in Sources */ = {isa = PBXBuildFile; fileRef = 1B8E9A6B1C2BE2420001076E /* SmallFiasLinker.xcdatamodeld */; };
		1B8E9A6F1C2BE2420001076E /* Assets.xcassets in Resources */ = {isa = PBXBuildFile; fileRef = 1B8E9A6E1C2BE2420001076E /* Assets.xcassets */; };
		1B8E9A721C2BE2420001076E /* MainMenu.xib in Resources */ = {isa = PBXBuildFile; fileRef = 1B8E9A701C2BE2420001076E /* MainMenu.xib */; };
		1B8E9A8A1C2BE5590001076E /* Fias+CoreDataProperties.m in Sources */ = {isa = PBXBuildFile; fileRef = 1B8E9A7B1C2BE5590001076E /* Fias+CoreDataProperties.m */; };
		1B8E9A8B1C2BE5590001076E /* Fias.m in Sources */ = {isa = PBXBuildFile; fileRef = 1B8E9A7D1C2BE5590001076E /* Fias.m */; };
		1B8E9A8C1C2BE5590001076E /* Okrug+CoreDataProperties.m in Sources */ = {isa = PBXBuildFile; fileRef = 1B8E9A7F1C2BE5590001076E /* Okrug+CoreDataProperties.m */; };
		1B8E9A8D1C2BE5590001076E /* Okrug.m in Sources */ = {isa = PBXBuildFile; fileRef = 1B8E9A811C2BE5590001076E /* Okrug.m */; };
		1B8E9A8E1C2BE5590001076E /* Poselenie+CoreDataProperties.m in Sources */ = {isa = PBXBuildFile; fileRef = 1B8E9A831C2BE5590001076E /* Poselenie+CoreDataProperties.m */; };
		1B8E9A8F1C2BE5590001076E /* Poselenie.m in Sources */ = {isa = PBXBuildFile; fileRef = 1B8E9A851C2BE5590001076E /* Poselenie.m */; };
		1B8E9A901C2BE5590001076E /* Region+CoreDataProperties.m in Sources */ = {isa = PBXBuildFile; fileRef = 1B8E9A871C2BE5590001076E /* Region+CoreDataProperties.m */; };
		1B8E9A911C2BE5590001076E /* Region.m in Sources */ = {isa = PBXBuildFile; fileRef = 1B8E9A891C2BE5590001076E /* Region.m */; };
		1B8E9A941C2BE6E80001076E /* DAO.m in Sources */ = {isa = PBXBuildFile; fileRef = 1B8E9A931C2BE6E80001076E /* DAO.m */; };
		1B8E9A991C2C4C520001076E /* Taxophon+CoreDataProperties.m in Sources */ = {isa = PBXBuildFile; fileRef = 1B8E9A961C2C4C520001076E /* Taxophon+CoreDataProperties.m */; };
		1B8E9A9A1C2C4C520001076E /* Taxophon.m in Sources */ = {isa = PBXBuildFile; fileRef = 1B8E9A981C2C4C520001076E /* Taxophon.m */; };
/* End PBXBuildFile section */

/* Begin PBXFileReference section */
		1B8E9A621C2BE2420001076E /* SmallFiasLinker.app */ = {isa = PBXFileReference; explicitFileType = wrapper.application; includeInIndex = 0; path = SmallFiasLinker.app; sourceTree = BUILT_PRODUCTS_DIR; };
		1B8E9A651C2BE2420001076E /* AppDelegate.h */ = {isa = PBXFileReference; lastKnownFileType = sourcecode.c.h; path = AppDelegate.h; sourceTree = "<group>"; };
		1B8E9A661C2BE2420001076E /* AppDelegate.m */ = {isa = PBXFileReference; lastKnownFileType = sourcecode.c.objc; path = AppDelegate.m; sourceTree = "<group>"; };
		1B8E9A691C2BE2420001076E /* main.m */ = {isa = PBXFileReference; lastKnownFileType = sourcecode.c.objc; path = main.m; sourceTree = "<group>"; };
		1B8E9A6C1C2BE2420001076E /* SmallFiasLinker.xcdatamodel */ = {isa = PBXFileReference; lastKnownFileType = wrapper.xcdatamodel; path = SmallFiasLinker.xcdatamodel; sourceTree = "<group>"; };
		1B8E9A6E1C2BE2420001076E /* Assets.xcassets */ = {isa = PBXFileReference; lastKnownFileType = folder.assetcatalog; path = Assets.xcassets; sourceTree = "<group>"; };
		1B8E9A711C2BE2420001076E /* Base */ = {isa = PBXFileReference; lastKnownFileType = file.xib; name = Base; path = Base.lproj/MainMenu.xib; sourceTree = "<group>"; };
		1B8E9A731C2BE2420001076E /* Info.plist */ = {isa = PBXFileReference; lastKnownFileType = text.plist.xml; path = Info.plist; sourceTree = "<group>"; };
		1B8E9A7A1C2BE5590001076E /* Fias+CoreDataProperties.h */ = {isa = PBXFileReference; fileEncoding = 4; lastKnownFileType = sourcecode.c.h; path = "Fias+CoreDataProperties.h"; sourceTree = "<group>"; };
		1B8E9A7B1C2BE5590001076E /* Fias+CoreDataProperties.m */ = {isa = PBXFileReference; fileEncoding = 4; lastKnownFileType = sourcecode.c.objc; path = "Fias+CoreDataProperties.m"; sourceTree = "<group>"; };
		1B8E9A7C1C2BE5590001076E /* Fias.h */ = {isa = PBXFileReference; fileEncoding = 4; lastKnownFileType = sourcecode.c.h; path = Fias.h; sourceTree = "<group>"; };
		1B8E9A7D1C2BE5590001076E /* Fias.m */ = {isa = PBXFileReference; fileEncoding = 4; lastKnownFileType = sourcecode.c.objc; path = Fias.m; sourceTree = "<group>"; };
		1B8E9A7E1C2BE5590001076E /* Okrug+CoreDataProperties.h */ = {isa = PBXFileReference; fileEncoding = 4; lastKnownFileType = sourcecode.c.h; path = "Okrug+CoreDataProperties.h"; sourceTree = "<group>"; };
		1B8E9A7F1C2BE5590001076E /* Okrug+CoreDataProperties.m */ = {isa = PBXFileReference; fileEncoding = 4; lastKnownFileType = sourcecode.c.objc; path = "Okrug+CoreDataProperties.m"; sourceTree = "<group>"; };
		1B8E9A801C2BE5590001076E /* Okrug.h */ = {isa = PBXFileReference; fileEncoding = 4; lastKnownFileType = sourcecode.c.h; path = Okrug.h; sourceTree = "<group>"; };
		1B8E9A811C2BE5590001076E /* Okrug.m */ = {isa = PBXFileReference; fileEncoding = 4; lastKnownFileType = sourcecode.c.objc; path = Okrug.m; sourceTree = "<group>"; };
		1B8E9A821C2BE5590001076E /* Poselenie+CoreDataProperties.h */ = {isa = PBXFileReference; fileEncoding = 4; lastKnownFileType = sourcecode.c.h; path = "Poselenie+CoreDataProperties.h"; sourceTree = "<group>"; };
		1B8E9A831C2BE5590001076E /* Poselenie+CoreDataProperties.m */ = {isa = PBXFileReference; fileEncoding = 4; lastKnownFileType = sourcecode.c.objc; path = "Poselenie+CoreDataProperties.m"; sourceTree = "<group>"; };
		1B8E9A841C2BE5590001076E /* Poselenie.h */ = {isa = PBXFileReference; fileEncoding = 4; lastKnownFileType = sourcecode.c.h; path = Poselenie.h; sourceTree = "<group>"; };
		1B8E9A851C2BE5590001076E /* Poselenie.m */ = {isa = PBXFileReference; fileEncoding = 4; lastKnownFileType = sourcecode.c.objc; path = Poselenie.m; sourceTree = "<group>"; };
		1B8E9A861C2BE5590001076E /* Region+CoreDataProperties.h */ = {isa = PBXFileReference; fileEncoding = 4; lastKnownFileType = sourcecode.c.h; path = "Region+CoreDataProperties.h"; sourceTree = "<group>"; };
		1B8E9A871C2BE5590001076E /* Region+CoreDataProperties.m */ = {isa = PBXFileReference; fileEncoding = 4; lastKnownFileType = sourcecode.c.objc; path = "Region+CoreDataProperties.m"; sourceTree = "<group>"; };
		1B8E9A881C2BE5590001076E /* Region.h */ = {isa = PBXFileReference; fileEncoding = 4; lastKnownFileType = sourcecode.c.h; path = Region.h; sourceTree = "<group>"; };
		1B8E9A891C2BE5590001076E /* Region.m */ = {isa = PBXFileReference; fileEncoding = 4; lastKnownFileType = sourcecode.c.objc; path = Region.m; sourceTree = "<group>"; };
		1B8E9A921C2BE6E80001076E /* DAO.h */ = {isa = PBXFileReference; fileEncoding = 4; lastKnownFileType = sourcecode.c.h; path = DAO.h; sourceTree = "<group>"; };
		1B8E9A931C2BE6E80001076E /* DAO.m */ = {isa = PBXFileReference; fileEncoding = 4; lastKnownFileType = sourcecode.c.objc; path = DAO.m; sourceTree = "<group>"; };
		1B8E9A951C2C4C520001076E /* Taxophon+CoreDataProperties.h */ = {isa = PBXFileReference; fileEncoding = 4; lastKnownFileType = sourcecode.c.h; path = "Taxophon+CoreDataProperties.h"; sourceTree = "<group>"; };
		1B8E9A961C2C4C520001076E /* Taxophon+CoreDataProperties.m */ = {isa = PBXFileReference; fileEncoding = 4; lastKnownFileType = sourcecode.c.objc; path = "Taxophon+CoreDataProperties.m"; sourceTree = "<group>"; };
		1B8E9A971C2C4C520001076E /* Taxophon.h */ = {isa = PBXFileReference; fileEncoding = 4; lastKnownFileType = sourcecode.c.h; path = Taxophon.h; sourceTree = "<group>"; };
		1B8E9A981C2C4C520001076E /* Taxophon.m */ = {isa = PBXFileReference; fileEncoding = 4; lastKnownFileType = sourcecode.c.objc; path = Taxophon.m; sourceTree = "<group>"; };
/* End PBXFileReference section */

/* Begin PBXFrameworksBuildPhase section */
		1B8E9A5F1C2BE2420001076E /* Frameworks */ = {
			isa = PBXFrameworksBuildPhase;
			buildActionMask = 2147483647;
			files = (
			);
			runOnlyForDeploymentPostprocessing = 0;
		};
/* End PBXFrameworksBuildPhase section */

/* Begin PBXGroup section */
		1B8E9A591C2BE2420001076E = {
			isa = PBXGroup;
			children = (
				1B8E9A641C2BE2420001076E /* SmallFiasLinker */,
				1B8E9A631C2BE2420001076E /* Products */,
			);
			sourceTree = "<group>";
		};
		1B8E9A631C2BE2420001076E /* Products */ = {
			isa = PBXGroup;
			children = (
				1B8E9A621C2BE2420001076E /* SmallFiasLinker.app */,
			);
			name = Products;
			sourceTree = "<group>";
		};
		1B8E9A641C2BE2420001076E /* SmallFiasLinker */ = {
			isa = PBXGroup;
			children = (
				1B8E9A651C2BE2420001076E /* AppDelegate.h */,
				1B8E9A661C2BE2420001076E /* AppDelegate.m */,
				1B8E9A6E1C2BE2420001076E /* Assets.xcassets */,
				1B8E9A701C2BE2420001076E /* MainMenu.xib */,
				1B8E9A731C2BE2420001076E /* Info.plist */,
				1B8E9A791C2BE53A0001076E /* Data Model */,
				1B8E9A681C2BE2420001076E /* Supporting Files */,
			);
			path = SmallFiasLinker;
			sourceTree = "<group>";
		};
		1B8E9A681C2BE2420001076E /* Supporting Files */ = {
			isa = PBXGroup;
			children = (
				1B8E9A691C2BE2420001076E /* main.m */,
			);
			name = "Supporting Files";
			sourceTree = "<group>";
		};
		1B8E9A791C2BE53A0001076E /* Data Model */ = {
			isa = PBXGroup;
			children = (
				1B8E9A6B1C2BE2420001076E /* SmallFiasLinker.xcdatamodeld */,
				1B8E9A951C2C4C520001076E /* Taxophon+CoreDataProperties.h */,
				1B8E9A961C2C4C520001076E /* Taxophon+CoreDataProperties.m */,
				1B8E9A971C2C4C520001076E /* Taxophon.h */,
				1B8E9A981C2C4C520001076E /* Taxophon.m */,
				1B8E9A7A1C2BE5590001076E /* Fias+CoreDataProperties.h */,
				1B8E9A7B1C2BE5590001076E /* Fias+CoreDataProperties.m */,
				1B8E9A7C1C2BE5590001076E /* Fias.h */,
				1B8E9A7D1C2BE5590001076E /* Fias.m */,
				1B8E9A7E1C2BE5590001076E /* Okrug+CoreDataProperties.h */,
				1B8E9A7F1C2BE5590001076E /* Okrug+CoreDataProperties.m */,
				1B8E9A801C2BE5590001076E /* Okrug.h */,
				1B8E9A811C2BE5590001076E /* Okrug.m */,
				1B8E9A821C2BE5590001076E /* Poselenie+CoreDataProperties.h */,
				1B8E9A831C2BE5590001076E /* Poselenie+CoreDataProperties.m */,
				1B8E9A841C2BE5590001076E /* Poselenie.h */,
				1B8E9A851C2BE5590001076E /* Poselenie.m */,
				1B8E9A861C2BE5590001076E /* Region+CoreDataProperties.h */,
				1B8E9A871C2BE5590001076E /* Region+CoreDataProperties.m */,
				1B8E9A881C2BE5590001076E /* Region.h */,
				1B8E9A891C2BE5590001076E /* Region.m */,
				1B8E9A921C2BE6E80001076E /* DAO.h */,
				1B8E9A931C2BE6E80001076E /* DAO.m */,
			);
			name = "Data Model";
			sourceTree = "<group>";
		};
/* End PBXGroup section */

/* Begin PBXNativeTarget section */
		1B8E9A611C2BE2420001076E /* SmallFiasLinker */ = {
			isa = PBXNativeTarget;
			buildConfigurationList = 1B8E9A761C2BE2420001076E /* Build configuration list for PBXNativeTarget "SmallFiasLinker" */;
			buildPhases = (
				1B8E9A5E1C2BE2420001076E /* Sources */,
				1B8E9A5F1C2BE2420001076E /* Frameworks */,
				1B8E9A601C2BE2420001076E /* Resources */,
			);
			buildRules = (
			);
			dependencies = (
			);
			name = SmallFiasLinker;
			productName = SmallFiasLinker;
			productReference = 1B8E9A621C2BE2420001076E /* SmallFiasLinker.app */;
			productType = "com.apple.product-type.application";
		};
/* End PBXNativeTarget section */

/* Begin PBXProject section */
		1B8E9A5A1C2BE2420001076E /* Project object */ = {
			isa = PBXProject;
			attributes = {
				LastUpgradeCheck = 0720;
				ORGANIZATIONNAME = "Geomatix Laboratoriess S.R.O.";
				TargetAttributes = {
					1B8E9A611C2BE2420001076E = {
						CreatedOnToolsVersion = 7.2;
					};
				};
			};
			buildConfigurationList = 1B8E9A5D1C2BE2420001076E /* Build configuration list for PBXProject "SmallFiasLinker" */;
			compatibilityVersion = "Xcode 3.2";
			developmentRegion = English;
			hasScannedForEncodings = 0;
			knownRegions = (
				en,
				Base,
			);
			mainGroup = 1B8E9A591C2BE2420001076E;
			productRefGroup = 1B8E9A631C2BE2420001076E /* Products */;
			projectDirPath = "";
			projectRoot = "";
			targets = (
				1B8E9A611C2BE2420001076E /* SmallFiasLinker */,
			);
		};
/* End PBXProject section */

/* Begin PBXResourcesBuildPhase section */
		1B8E9A601C2BE2420001076E /* Resources */ = {
			isa = PBXResourcesBuildPhase;
			buildActionMask = 2147483647;
			files = (
				1B8E9A6F1C2BE2420001076E /* Assets.xcassets in Resources */,
				1B8E9A721C2BE2420001076E /* MainMenu.xib in Resources */,
			);
			runOnlyForDeploymentPostprocessing = 0;
		};
/* End PBXResourcesBuildPhase section */

/* Begin PBXSourcesBuildPhase section */
		1B8E9A5E1C2BE2420001076E /* Sources */ = {
			isa = PBXSourcesBuildPhase;
			buildActionMask = 2147483647;
			files = (
				1B8E9A941C2BE6E80001076E /* DAO.m in Sources */,
				1B8E9A8F1C2BE5590001076E /* Poselenie.m in Sources */,
				1B8E9A8E1C2BE5590001076E /* Poselenie+CoreDataProperties.m in Sources */,
				1B8E9A8B1C2BE5590001076E /* Fias.m in Sources */,
				1B8E9A911C2BE5590001076E /* Region.m in Sources */,
				1B8E9A6A1C2BE2420001076E /* main.m in Sources */,
				1B8E9A8C1C2BE5590001076E /* Okrug+CoreDataProperties.m in Sources */,
				1B8E9A6D1C2BE2420001076E /* SmallFiasLinker.xcdatamodeld in Sources */,
				1B8E9A991C2C4C520001076E /* Taxophon+CoreDataProperties.m in Sources */,
				1B8E9A8A1C2BE5590001076E /* Fias+CoreDataProperties.m in Sources */,
				1B8E9A671C2BE2420001076E /* AppDelegate.m in Sources */,
				1B8E9A8D1C2BE5590001076E /* Okrug.m in Sources */,
				1B8E9A9A1C2C4C520001076E /* Taxophon.m in Sources */,
				1B8E9A901C2BE5590001076E /* Region+CoreDataProperties.m in Sources */,
			);
			runOnlyForDeploymentPostprocessing = 0;
		};
/* End PBXSourcesBuildPhase section */

/* Begin PBXVariantGroup section */
		1B8E9A701C2BE2420001076E /* MainMenu.xib */ = {
			isa = PBXVariantGroup;
			children = (
				1B8E9A711C2BE2420001076E /* Base */,
			);
			name = MainMenu.xib;
			sourceTree = "<group>";
		};
/* End PBXVariantGroup section */

/* Begin XCBuildConfiguration section */
		1B8E9A741C2BE2420001076E /* Debug */ = {
			isa = XCBuildConfiguration;
			buildSettings = {
				ALWAYS_SEARCH_USER_PATHS = NO;
				CLANG_CXX_LANGUAGE_STANDARD = "gnu++0x";
				CLANG_CXX_LIBRARY = "libc++";
				CLANG_ENABLE_MODULES = YES;
				CLANG_ENABLE_OBJC_ARC = YES;
				CLANG_WARN_BOOL_CONVERSION = YES;
				CLANG_WARN_CONSTANT_CONVERSION = YES;
				CLANG_WARN_DIRECT_OBJC_ISA_USAGE = YES_ERROR;
				CLANG_WARN_EMPTY_BODY = YES;
				CLANG_WARN_ENUM_CONVERSION = YES;
				CLANG_WARN_INT_CONVERSION = YES;
				CLANG_WARN_OBJC_ROOT_CLASS = YES_ERROR;
				CLANG_WARN_UNREACHABLE_CODE = YES;
				CLANG_WARN__DUPLICATE_METHOD_MATCH = YES;
				CODE_SIGN_IDENTITY = "-";
				COPY_PHASE_STRIP = NO;
				DEBUG_INFORMATION_FORMAT = dwarf;
				ENABLE_STRICT_OBJC_MSGSEND = YES;
				ENABLE_TESTABILITY = YES;
				GCC_C_LANGUAGE_STANDARD = gnu99;
				GCC_DYNAMIC_NO_PIC = NO;
				GCC_NO_COMMON_BLOCKS = YES;
				GCC_OPTIMIZATION_LEVEL = 0;
				GCC_PREPROCESSOR_DEFINITIONS = (
					"DEBUG=1",
					"$(inherited)",
				);
				GCC_WARN_64_TO_32_BIT_CONVERSION = YES;
				GCC_WARN_ABOUT_RETURN_TYPE = YES_ERROR;
				GCC_WARN_UNDECLARED_SELECTOR = YES;
				GCC_WARN_UNINITIALIZED_AUTOS = YES_AGGRESSIVE;
				GCC_WARN_UNUSED_FUNCTION = YES;
				GCC_WARN_UNUSED_VARIABLE = YES;
				MACOSX_DEPLOYMENT_TARGET = 10.11;
				MTL_ENABLE_DEBUG_INFO = YES;
				ONLY_ACTIVE_ARCH = YES;
				SDKROOT = macosx;
			};
			name = Debug;
		};
		1B8E9A751C2BE2420001076E /* Release */ = {
			isa = XCBuildConfiguration;
			buildSettings = {
				ALWAYS_SEARCH_USER_PATHS = NO;
				CLANG_CXX_LANGUAGE_STANDARD = "gnu++0x";
				CLANG_CXX_LIBRARY = "libc++";
				CLANG_ENABLE_MODULES = YES;
				CLANG_ENABLE_OBJC_ARC = YES;
				CLANG_WARN_BOOL_CONVERSION = YES;
				CLANG_WARN_CONSTANT_CONVERSION = YES;
				CLANG_WARN_DIRECT_OBJC_ISA_USAGE = YES_ERROR;
				CLANG_WARN_EMPTY_BODY = YES;
				CLANG_WARN_ENUM_CONVERSION = YES;
				CLANG_WARN_INT_CONVERSION = YES;
				CLANG_WARN_OBJC_ROOT_CLASS = YES_ERROR;
				CLANG_WARN_UNREACHABLE_CODE = YES;
				CLANG_WARN__DUPLICATE_METHOD_MATCH = YES;
				CODE_SIGN_IDENTITY = "-";
				COPY_PHASE_STRIP = NO;
				DEBUG_INFORMATION_FORMAT = "dwarf-with-dsym";
				ENABLE_NS_ASSERTIONS = NO;
				ENABLE_STRICT_OBJC_MSGSEND = YES;
				GCC_C_LANGUAGE_STANDARD = gnu99;
				GCC_NO_COMMON_BLOCKS = YES;
				GCC_WARN_64_TO_32_BIT_CONVERSION = YES;
				GCC_WARN_ABOUT_RETURN_TYPE = YES_ERROR;
				GCC_WARN_UNDECLARED_SELECTOR = YES;
				GCC_WARN_UNINITIALIZED_AUTOS = YES_AGGRESSIVE;
				GCC_WARN_UNUSED_FUNCTION = YES;
				GCC_WARN_UNUSED_VARIABLE = YES;
				MACOSX_DEPLOYMENT_TARGET = 10.11;
				MTL_ENABLE_DEBUG_INFO = NO;
				SDKROOT = macosx;
			};
			name = Release;
		};
		1B8E9A771C2BE2420001076E /* Debug */ = {
			isa = XCBuildConfiguration;
			buildSettings = {
				ASSETCATALOG_COMPILER_APPICON_NAME = AppIcon;
				COMBINE_HIDPI_IMAGES = YES;
				INFOPLIST_FILE = SmallFiasLinker/Info.plist;
				LD_RUNPATH_SEARCH_PATHS = "$(inherited) @executable_path/../Frameworks";
				PRODUCT_BUNDLE_IDENTIFIER = geomatix.cz.SmallFiasLinker;
				PRODUCT_NAME = "$(TARGET_NAME)";
			};
			name = Debug;
		};
		1B8E9A781C2BE2420001076E /* Release */ = {
			isa = XCBuildConfiguration;
			buildSettings = {
				ASSETCATALOG_COMPILER_APPICON_NAME = AppIcon;
				COMBINE_HIDPI_IMAGES = YES;
				INFOPLIST_FILE = SmallFiasLinker/Info.plist;
				LD_RUNPATH_SEARCH_PATHS = "$(inherited) @executable_path/../Frameworks";
				PRODUCT_BUNDLE_IDENTIFIER = geomatix.cz.SmallFiasLinker;
				PRODUCT_NAME = "$(TARGET_NAME)";
			};
			name = Release;
		};
/* End XCBuildConfiguration section */

/* Begin XCConfigurationList section */
		1B8E9A5D1C2BE2420001076E /* Build configuration list for PBXProject "SmallFiasLinker" */ = {
			isa = XCConfigurationList;
			buildConfigurations = (
				1B8E9A741C2BE2420001076E /* Debug */,
				1B8E9A751C2BE2420001076E /* Release */,
			);
			defaultConfigurationIsVisible = 0;
			defaultConfigurationName = Release;
		};
		1B8E9A761C2BE2420001076E /* Build configuration list for PBXNativeTarget "SmallFiasLinker" */ = {
			isa = XCConfigurationList;
			buildConfigurations = (
				1B8E9A771C2BE2420001076E /* Debug */,
				1B8E9A781C2BE2420001076E /* Release */,
			);
			defaultConfigurationIsVisible = 0;
		};
/* End XCConfigurationList section */

/* Begin XCVersionGroup section */
		1B8E9A6B1C2BE2420001076E /* SmallFiasLinker.xcdatamodeld */ = {
			isa = XCVersionGroup;
			children = (
				1B8E9A6C1C2BE2420001076E /* SmallFiasLinker.xcdatamodel */,
			);
			currentVersion = 1B8E9A6C1C2BE2420001076E /* SmallFiasLinker.xcdatamodel */;
			path = SmallFiasLinker.xcdatamodeld;
			sourceTree = "<group>";
			versionGroupType = wrapper.xcdatamodel;
		};
/* End XCVersionGroup section */
	};
	rootObject = 1B8E9A5A1C2BE2420001076E /* Project object */;
}
